{
  "name": "formbuilder",
  "version": "1.0.0",
  "lockfileVersion": 1,
  "requires": true,
  "dependencies": {
    "bootstrap": {
      "version": "4.1.1",
      "resolved": "https://registry.npmjs.org/bootstrap/-/bootstrap-4.1.1.tgz",
      "integrity": "sha512-SpiDSOcbg4J/PjVSt4ny5eY6j74VbVSjROY4Fb/WIUXBV9cnb5luyR4KnPvNoXuGnBK1T+nJIWqRsvU3yP8Mcg=="
    },
    "jquery": {
      "version": "3.3.1",
      "resolved": "https://registry.npmjs.org/jquery/-/jquery-3.3.1.tgz",
      "integrity": "sha512-Ubldcmxp5np52/ENotGxlLe6aGMvmF4R8S6tZjsP6Knsaxd/xp3Zrh50cG93lR6nPXyUFwzN3ZSOQI0wRJNdGg=="
    },
    "moment": {
      "version": "2.22.2",
      "resolved": "https://registry.npmjs.org/moment/-/moment-2.22.2.tgz",
      "integrity": "sha1-PCV/mDn8DpP/UxSWMiOeuQeD/2Y="
    },
    "moment-timezone": {
      "version": "0.5.20",
      "resolved": "https://registry.npmjs.org/moment-timezone/-/moment-timezone-0.5.20.tgz",
      "integrity": "sha512-uJXgstE4ddmJpLFIyihm7VsLJsViDxO88lx+GmIbSnyAAHHbSdpwBhpE2N3KFOmDa/9BxYDykQUzH796CHga2w==",
      "requires": {
        "moment": "2.22.2"
      }
    },
    "popper.js": {
      "version": "1.14.3",
      "resolved": "https://registry.npmjs.org/popper.js/-/popper.js-1.14.3.tgz",
      "integrity": "sha1-FDj5jQRqz3tNeM1QK/QYrGTU8JU="
    },
    "tempusdominus-bootstrap-4": {
      "version": "git+https://github.com/tempusdominus/bootstrap-4.git#c07f1077b46c5f94d28b5cb1426945e2afc58bd5",
      "requires": {
        "bootstrap": "4.0.0",
        "jquery": "3.3.1",
        "moment": "2.22.2",
        "moment-timezone": "0.5.20",
        "popper.js": "1.14.3"
      },
      "dependencies": {
        "bootstrap": {
          "version": "4.0.0",
          "resolved": "https://registry.npmjs.org/bootstrap/-/bootstrap-4.0.0.tgz",
          "integrity": "sha512-gulJE5dGFo6Q61V/whS6VM4WIyrlydXfCgkE+Gxe5hjrJ8rXLLZlALq7zq2RPhOc45PSwQpJkrTnc2KgD6cvmA=="
        }
      }
    }
  }
}
