{
  "name": "formbuilder",
  "version": "1.0.0",
  "lockfileVersion": 1,
  "requires": true,
  "dependencies": {
    "bootstrap": {
      "version": "4.1.3",
      "resolved": "https://registry.npmjs.org/bootstrap/-/bootstrap-4.1.3.tgz",
      "integrity": "sha512-rDFIzgXcof0jDyjNosjv4Sno77X4KuPeFxG2XZZv1/Kc8DRVGVADdoQyyOVDwPqL36DDmtCQbrpMCqvpPLJQ0w=="
    },
    "jquery": {
      "version": "3.3.1",
      "resolved": "https://registry.npmjs.org/jquery/-/jquery-3.3.1.tgz",
      "integrity": "sha512-Ubldcmxp5np52/ENotGxlLe6aGMvmF4R8S6tZjsP6Knsaxd/xp3Zrh50cG93lR6nPXyUFwzN3ZSOQI0wRJNdGg=="
    },
    "moment": {
      "version": "2.22.2",
      "resolved": "https://registry.npmjs.org/moment/-/moment-2.22.2.tgz",
      "integrity": "sha1-PCV/mDn8DpP/UxSWMiOeuQeD/2Y="
    },
    "moment-timezone": {
      "version": "0.5.20",
      "resolved": "https://registry.npmjs.org/moment-timezone/-/moment-timezone-0.5.20.tgz",
      "integrity": "sha512-uJXgstE4ddmJpLFIyihm7VsLJsViDxO88lx+GmIbSnyAAHHbSdpwBhpE2N3KFOmDa/9BxYDykQUzH796CHga2w==",
      "requires": {
        "moment": "2.22.2"
      }
    },
    "popper.js": {
      "version": "1.14.4",
      "resolved": "https://registry.npmjs.org/popper.js/-/popper.js-1.14.4.tgz",
      "integrity": "sha1-juwdj/AqWjoVLdQ0FKFce3n9abY="
    },
    "tempusdominus-bootstrap-4": {
      "version": "git+https://github.com/tempusdominus/bootstrap-4.git#0704cb495075e8e7793ed844115d755fb286d4b7",
      "requires": {
        "bootstrap": "4.1.3",
        "jquery": "3.3.1",
        "moment": "2.22.2",
        "moment-timezone": "0.5.20",
        "popper.js": "1.14.4"
      }
    }
  }
}
